
Microsoft Visual Studio Solution File, Format Version 12.00
# Visual Studio Version 17
VisualStudioVersion = 17.14.37012.4
MinimumVisualStudioVersion = 10.0.40219.1
Project("{FAE04EC0-301F-11D3-BF4B-00C04F79EFBC}") = "Hokm.Domain", "Hokm.Domain\Hokm.Domain.csproj", "{251D6354-309E-4B94-8DF8-F115E84240E2}"
EndProject
Project("{FAE04EC0-301F-11D3-BF4B-00C04F79EFBC}") = "Hokm.Contracts", "Hokm.Contracts\Hokm.Contracts.csproj", "{13E09ABA-1B52-4E71-BA41-97393A23BC39}"
EndProject
Project("{FAE04EC0-301F-11D3-BF4B-00C04F79EFBC}") = "Hokm.Presentation", "Hokm.Presentation\Hokm.Presentation.csproj", "{4077D1C4-D134-47B6-12AF-699862C773C8}"
EndProject
Project("{FAE04EC0-301F-11D3-BF4B-00C04F79EFBC}") = "Hokm.Application", "Hokm.Application\Hokm.Application.csproj", "{3610111E-A614-7A2D-972E-C6588B8D09E1}"
EndProject
Project("{FAE04EC0-301F-11D3-BF4B-00C04F79EFBC}") = "Hokm.Infrastructure", "Hokm.Infrastructure\Hokm.Infrastructure.csproj", "{151C8211-8330-22FE-F51B-5F86BAFC1B3C}"
EndProject
Global
	GlobalSection(SolutionConfigurationPlatforms) = preSolution
		Debug|Any CPU = Debug|Any CPU
		Release|Any CPU = Release|Any CPU
	EndGlobalSection
	GlobalSection(ProjectConfigurationPlatforms) = postSolution
		{251D6354-309E-4B94-8DF8-F115E84240E2}.Debug|Any CPU.ActiveCfg = Debug|Any CPU
		{251D6354-309E-4B94-8DF8-F115E84240E2}.Debug|Any CPU.Build.0 = Debug|Any CPU
		{251D6354-309E-4B94-8DF8-F115E84240E2}.Release|Any CPU.ActiveCfg = Release|Any CPU
		{251D6354-309E-4B94-8DF8-F115E84240E2}.Release|Any CPU.Build.0 = Release|Any CPU
		{13E09ABA-1B52-4E71-BA41-97393A23BC39}.Debug|Any CPU.ActiveCfg = Debug|Any CPU
		{13E09ABA-1B52-4E71-BA41-97393A23BC39}.Debug|Any CPU.Build.0 = Debug|Any CPU
		{13E09ABA-1B52-4E71-BA41-97393A23BC39}.Release|Any CPU.ActiveCfg = Release|Any CPU
		{13E09ABA-1B52-4E71-BA41-97393A23BC39}.Release|Any CPU.Build.0 = Release|Any CPU
		{4077D1C4-D134-47B6-12AF-699862C773C8}.Debug|Any CPU.ActiveCfg = Debug|Any CPU
		{4077D1C4-D134-47B6-12AF-699862C773C8}.Debug|Any CPU.Build.0 = Debug|Any CPU
		{4077D1C4-D134-47B6-12AF-699862C773C8}.Release|Any CPU.ActiveCfg = Release|Any CPU
		{4077D1C4-D134-47B6-12AF-699862C773C8}.Release|Any CPU.Build.0 = Release|Any CPU
		{3610111E-A614-7A2D-972E-C6588B8D09E1}.Debug|Any CPU.ActiveCfg = Debug|Any CPU
		{3610111E-A614-7A2D-972E-C6588B8D09E1}.Debug|Any CPU.Build.0 = Debug|Any CPU
		{3610111E-A614-7A2D-972E-C6588B8D09E1}.Release|Any CPU.ActiveCfg = Release|Any CPU
		{3610111E-A614-7A2D-972E-C6588B8D09E1}.Release|Any CPU.Build.0 = Release|Any CPU
		{151C8211-8330-22FE-F51B-5F86BAFC1B3C}.Debug|Any CPU.ActiveCfg = Debug|Any CPU
		{151C8211-8330-22FE-F51B-5F86BAFC1B3C}.Debug|Any CPU.Build.0 = Debug|Any CPU
		{151C8211-8330-22FE-F51B-5F86BAFC1B3C}.Release|Any CPU.ActiveCfg = Release|Any CPU
		{151C8211-8330-22FE-F51B-5F86BAFC1B3C}.Release|Any CPU.Build.0 = Release|Any CPU
	EndGlobalSection
	GlobalSection(SolutionProperties) = preSolution
		HideSolutionNode = FALSE
	EndGlobalSection
	GlobalSection(ExtensibilityGlobals) = postSolution
		SolutionGuid = {DC0212AB-CB15-419F-BED6-58F55AAAD1A3}
	EndGlobalSection
EndGlobal
